// !$*UTF8*$!
{
	archiveVersion = 1;
	classes = {
	};
	objectVersion = 46;
	objects = {

/* Begin PBXBuildFile section */
		1F3D525D1E8A62A50074BD68 /* main.m in Sources */ = {isa = PBXBuildFile; fileRef = 1F3D525C1E8A62A50074BD68 /* main.m */; };
		1F3D52601E8A62A50074BD68 /* AppDelegate.m in Sources */ = {isa = PBXBuildFile; fileRef = 1F3D525F1E8A62A50074BD68 /* AppDelegate.m */; };
		1F3D52631E8A62A50074BD68 /* ViewController.m in Sources */ = {isa = PBXBuildFile; fileRef = 1F3D52621E8A62A50074BD68 /* ViewController.m */; };
		1F3D52661E8A62A50074BD68 /* Main.storyboard in Resources */ = {isa = PBXBuildFile; fileRef = 1F3D52641E8A62A50074BD68 /* Main.storyboard */; };
		1F3D52681E8A62A50074BD68 /* Assets.xcassets in Resources */ = {isa = PBXBuildFile; fileRef = 1F3D52671E8A62A50074BD68 /* Assets.xcassets */; };
		1F3D526B1E8A62A50074BD68 /* LaunchScreen.storyboard in Resources */ = {isa = PBXBuildFile; fileRef = 1F3D52691E8A62A50074BD68 /* LaunchScreen.storyboard */; };
		1F3D52741E8A62F00074BD68 /* DataBaseTool.m in Sources */ = {isa = PBXBuildFile; fileRef = 1F3D52731E8A62F00074BD68 /* DataBaseTool.m */; };
		1F3D52771E8A685D0074BD68 /* HandleSqliteTable.m in Sources */ = {isa = PBXBuildFile; fileRef = 1F3D52761E8A685D0074BD68 /* HandleSqliteTable.m */; };
		1F3D527A1E8A81620074BD68 /* SecondViewController.m in Sources */ = {isa = PBXBuildFile; fileRef = 1F3D52791E8A81620074BD68 /* SecondViewController.m */; };
		1F3D527D1E8A84E90074BD68 /* CeShiModel.m in Sources */ = {isa = PBXBuildFile; fileRef = 1F3D527C1E8A84E90074BD68 /* CeShiModel.m */; };
		1F3D52801E8A85330074BD68 /* YuLeModel.m in Sources */ = {isa = PBXBuildFile; fileRef = 1F3D527F1E8A85330074BD68 /* YuLeModel.m */; };
		1F3D52831E8A87CF0074BD68 /* DataAutoTool.m in Sources */ = {isa = PBXBuildFile; fileRef = 1F3D52821E8A87CF0074BD68 /* DataAutoTool.m */; };
		21C9E2B66A2D4AC63962645F /* libPods-DataMigration.a in Frameworks */ = {isa = PBXBuildFile; fileRef = D8B426FD9F7EEB33E7D1CC43 /* libPods-DataMigration.a */; };
/* End PBXBuildFile section */

/* Begin PBXFileReference section */
		1F3D52581E8A62A50074BD68 /* DataMigration.app */ = {isa = PBXFileReference; explicitFileType = wrapper.application; includeInIndex = 0; path = DataMigration.app; sourceTree = BUILT_PRODUCTS_DIR; };
		1F3D525C1E8A62A50074BD68 /* main.m */ = {isa = PBXFileReference; lastKnownFileType = sourcecode.c.objc; path = main.m; sourceTree = "<group>"; };
		1F3D525E1E8A62A50074BD68 /* AppDelegate.h */ = {isa = PBXFileReference; lastKnownFileType = sourcecode.c.h; path = AppDelegate.h; sourceTree = "<group>"; };
		1F3D525F1E8A62A50074BD68 /* AppDelegate.m */ = {isa = PBXFileReference; lastKnownFileType = sourcecode.c.objc; path = AppDelegate.m; sourceTree = "<group>"; };
		1F3D52611E8A62A50074BD68 /* ViewController.h */ = {isa = PBXFileReference; lastKnownFileType = sourcecode.c.h; path = ViewController.h; sourceTree = "<group>"; };
		1F3D52621E8A62A50074BD68 /* ViewController.m */ = {isa = PBXFileReference; lastKnownFileType = sourcecode.c.objc; path = ViewController.m; sourceTree = "<group>"; };
		1F3D52651E8A62A50074BD68 /* Base */ = {isa = PBXFileReference; lastKnownFileType = file.storyboard; name = Base; path = Base.lproj/Main.storyboard; sourceTree = "<group>"; };
		1F3D52671E8A62A50074BD68 /* Assets.xcassets */ = {isa = PBXFileReference; lastKnownFileType = folder.assetcatalog; path = Assets.xcassets; sourceTree = "<group>"; };
		1F3D526A1E8A62A50074BD68 /* Base */ = {isa = PBXFileReference; lastKnownFileType = file.storyboard; name = Base; path = Base.lproj/LaunchScreen.storyboard; sourceTree = "<group>"; };
		1F3D526C1E8A62A50074BD68 /* Info.plist */ = {isa = PBXFileReference; lastKnownFileType = text.plist.xml; path = Info.plist; sourceTree = "<group>"; };
		1F3D52721E8A62F00074BD68 /* DataBaseTool.h */ = {isa = PBXFileReference; fileEncoding = 4; lastKnownFileType = sourcecode.c.h; path = DataBaseTool.h; sourceTree = "<group>"; };
		1F3D52731E8A62F00074BD68 /* DataBaseTool.m */ = {isa = PBXFileReference; fileEncoding = 4; lastKnownFileType = sourcecode.c.objc; path = DataBaseTool.m; sourceTree = "<group>"; };
		1F3D52751E8A685D0074BD68 /* HandleSqliteTable.h */ = {isa = PBXFileReference; fileEncoding = 4; lastKnownFileType = sourcecode.c.h; path = HandleSqliteTable.h; sourceTree = "<group>"; };
		1F3D52761E8A685D0074BD68 /* HandleSqliteTable.m */ = {isa = PBXFileReference; fileEncoding = 4; lastKnownFileType = sourcecode.c.objc; path = HandleSqliteTable.m; sourceTree = "<group>"; };
		1F3D52781E8A81620074BD68 /* SecondViewController.h */ = {isa = PBXFileReference; fileEncoding = 4; lastKnownFileType = sourcecode.c.h; path = SecondViewController.h; sourceTree = "<group>"; };
		1F3D52791E8A81620074BD68 /* SecondViewController.m */ = {isa = PBXFileReference; fileEncoding = 4; lastKnownFileType = sourcecode.c.objc; path = SecondViewController.m; sourceTree = "<group>"; };
		1F3D527B1E8A84E90074BD68 /* CeShiModel.h */ = {isa = PBXFileReference; fileEncoding = 4; lastKnownFileType = sourcecode.c.h; path = CeShiModel.h; sourceTree = "<group>"; };
		1F3D527C1E8A84E90074BD68 /* CeShiModel.m */ = {isa = PBXFileReference; fileEncoding = 4; lastKnownFileType = sourcecode.c.objc; path = CeShiModel.m; sourceTree = "<group>"; };
		1F3D527E1E8A85330074BD68 /* YuLeModel.h */ = {isa = PBXFileReference; fileEncoding = 4; lastKnownFileType = sourcecode.c.h; path = YuLeModel.h; sourceTree = "<group>"; };
		1F3D527F1E8A85330074BD68 /* YuLeModel.m */ = {isa = PBXFileReference; fileEncoding = 4; lastKnownFileType = sourcecode.c.objc; path = YuLeModel.m; sourceTree = "<group>"; };
		1F3D52811E8A87CF0074BD68 /* DataAutoTool.h */ = {isa = PBXFileReference; fileEncoding = 4; lastKnownFileType = sourcecode.c.h; path = DataAutoTool.h; sourceTree = "<group>"; };
		1F3D52821E8A87CF0074BD68 /* DataAutoTool.m */ = {isa = PBXFileReference; fileEncoding = 4; lastKnownFileType = sourcecode.c.objc; path = DataAutoTool.m; sourceTree = "<group>"; };
		34104B134422A4DF66C5EBA6 /* Pods-DataMigration.debug.xcconfig */ = {isa = PBXFileReference; includeInIndex = 1; lastKnownFileType = text.xcconfig; name = "Pods-DataMigration.debug.xcconfig"; path = "Pods/Target Support Files/Pods-DataMigration/Pods-DataMigration.debug.xcconfig"; sourceTree = "<group>"; };
		3739ADFEE8B32CE1A4B3D73C /* Pods-DataMigration.release.xcconfig */ = {isa = PBXFileReference; includeInIndex = 1; lastKnownFileType = text.xcconfig; name = "Pods-DataMigration.release.xcconfig"; path = "Pods/Target Support Files/Pods-DataMigration/Pods-DataMigration.release.xcconfig"; sourceTree = "<group>"; };
		D8B426FD9F7EEB33E7D1CC43 /* libPods-DataMigration.a */ = {isa = PBXFileReference; explicitFileType = archive.ar; includeInIndex = 0; path = "libPods-DataMigration.a"; sourceTree = BUILT_PRODUCTS_DIR; };
/* End PBXFileReference section */

/* Begin PBXFrameworksBuildPhase section */
		1F3D52551E8A62A50074BD68 /* Frameworks */ = {
			isa = PBXFrameworksBuildPhase;
			buildActionMask = 2147483647;
			files = (
				21C9E2B66A2D4AC63962645F /* libPods-DataMigration.a in Frameworks */,
			);
			runOnlyForDeploymentPostprocessing = 0;
		};
/* End PBXFrameworksBuildPhase section */

/* Begin PBXGroup section */
		1F3D524F1E8A62A50074BD68 = {
			isa = PBXGroup;
			children = (
				1F3D525A1E8A62A50074BD68 /* DataMigration */,
				1F3D52591E8A62A50074BD68 /* Products */,
				7C2F390045DF20E4B73CDADE /* Pods */,
				90CC2B8D601A6E1A37186ED6 /* Frameworks */,
			);
			sourceTree = "<group>";
		};
		1F3D52591E8A62A50074BD68 /* Products */ = {
			isa = PBXGroup;
			children = (
				1F3D52581E8A62A50074BD68 /* DataMigration.app */,
			);
			name = Products;
			sourceTree = "<group>";
		};
		1F3D525A1E8A62A50074BD68 /* DataMigration */ = {
			isa = PBXGroup;
			children = (
				1F3D525E1E8A62A50074BD68 /* AppDelegate.h */,
				1F3D525F1E8A62A50074BD68 /* AppDelegate.m */,
				1F3D52611E8A62A50074BD68 /* ViewController.h */,
				1F3D52621E8A62A50074BD68 /* ViewController.m */,
				1F3D52721E8A62F00074BD68 /* DataBaseTool.h */,
				1F3D52731E8A62F00074BD68 /* DataBaseTool.m */,
				1F3D52781E8A81620074BD68 /* SecondViewController.h */,
				1F3D52791E8A81620074BD68 /* SecondViewController.m */,
				1F3D52751E8A685D0074BD68 /* HandleSqliteTable.h */,
				1F3D52761E8A685D0074BD68 /* HandleSqliteTable.m */,
				1F3D52811E8A87CF0074BD68 /* DataAutoTool.h */,
				1F3D52821E8A87CF0074BD68 /* DataAutoTool.m */,
				1F3D527B1E8A84E90074BD68 /* CeShiModel.h */,
				1F3D527C1E8A84E90074BD68 /* CeShiModel.m */,
				1F3D527E1E8A85330074BD68 /* YuLeModel.h */,
				1F3D527F1E8A85330074BD68 /* YuLeModel.m */,
				1F3D52641E8A62A50074BD68 /* Main.storyboard */,
				1F3D52671E8A62A50074BD68 /* Assets.xcassets */,
				1F3D52691E8A62A50074BD68 /* LaunchScreen.storyboard */,
				1F3D526C1E8A62A50074BD68 /* Info.plist */,
				1F3D525B1E8A62A50074BD68 /* Supporting Files */,
			);
			path = DataMigration;
			sourceTree = "<group>";
		};
		1F3D525B1E8A62A50074BD68 /* Supporting Files */ = {
			isa = PBXGroup;
			children = (
				1F3D525C1E8A62A50074BD68 /* main.m */,
			);
			name = "Supporting Files";
			sourceTree = "<group>";
		};
		7C2F390045DF20E4B73CDADE /* Pods */ = {
			isa = PBXGroup;
			children = (
				34104B134422A4DF66C5EBA6 /* Pods-DataMigration.debug.xcconfig */,
				3739ADFEE8B32CE1A4B3D73C /* Pods-DataMigration.release.xcconfig */,
			);
			name = Pods;
			sourceTree = "<group>";
		};
		90CC2B8D601A6E1A37186ED6 /* Frameworks */ = {
			isa = PBXGroup;
			children = (
				D8B426FD9F7EEB33E7D1CC43 /* libPods-DataMigration.a */,
			);
			name = Frameworks;
			sourceTree = "<group>";
		};
/* End PBXGroup section */

/* Begin PBXNativeTarget section */
		1F3D52571E8A62A50074BD68 /* DataMigration */ = {
			isa = PBXNativeTarget;
			buildConfigurationList = 1F3D526F1E8A62A50074BD68 /* Build configuration list for PBXNativeTarget "DataMigration" */;
			buildPhases = (
				DD0382054778A3E0BE6DB9E8 /* [CP] Check Pods Manifest.lock */,
				1F3D52541E8A62A50074BD68 /* Sources */,
				1F3D52551E8A62A50074BD68 /* Frameworks */,
				1F3D52561E8A62A50074BD68 /* Resources */,
				0112249848E51A4ACF468929 /* [CP] Embed Pods Frameworks */,
				581F26315B6E92392C702B71 /* [CP] Copy Pods Resources */,
			);
			buildRules = (
			);
			dependencies = (
			);
			name = DataMigration;
			productName = DataMigration;
			productReference = 1F3D52581E8A62A50074BD68 /* DataMigration.app */;
			productType = "com.apple.product-type.application";
		};
/* End PBXNativeTarget section */

/* Begin PBXProject section */
		1F3D52501E8A62A50074BD68 /* Project object */ = {
			isa = PBXProject;
			attributes = {
				LastUpgradeCheck = 0820;
				ORGANIZATIONNAME = "宗盛商业";
				TargetAttributes = {
					1F3D52571E8A62A50074BD68 = {
						CreatedOnToolsVersion = 8.2.1;
						DevelopmentTeam = BQ9TFQKXJU;
						ProvisioningStyle = Automatic;
					};
				};
			};
			buildConfigurationList = 1F3D52531E8A62A50074BD68 /* Build configuration list for PBXProject "DataMigration" */;
			compatibilityVersion = "Xcode 3.2";
			developmentRegion = English;
			hasScannedForEncodings = 0;
			knownRegions = (
				en,
				Base,
			);
			mainGroup = 1F3D524F1E8A62A50074BD68;
			productRefGroup = 1F3D52591E8A62A50074BD68 /* Products */;
			projectDirPath = "";
			projectRoot = "";
			targets = (
				1F3D52571E8A62A50074BD68 /* DataMigration */,
			);
		};
/* End PBXProject section */

/* Begin PBXResourcesBuildPhase section */
		1F3D52561E8A62A50074BD68 /* Resources */ = {
			isa = PBXResourcesBuildPhase;
			buildActionMask = 2147483647;
			files = (
				1F3D526B1E8A62A50074BD68 /* LaunchScreen.storyboard in Resources */,
				1F3D52681E8A62A50074BD68 /* Assets.xcassets in Resources */,
				1F3D52661E8A62A50074BD68 /* Main.storyboard in Resources */,
			);
			runOnlyForDeploymentPostprocessing = 0;
		};
/* End PBXResourcesBuildPhase section */

/* Begin PBXShellScriptBuildPhase section */
		0112249848E51A4ACF468929 /* [CP] Embed Pods Frameworks */ = {
			isa = PBXShellScriptBuildPhase;
			buildActionMask = 2147483647;
			files = (
			);
			inputPaths = (
			);
			name = "[CP] Embed Pods Frameworks";
			outputPaths = (
			);
			runOnlyForDeploymentPostprocessing = 0;
			shellPath = /bin/sh;
			shellScript = "\"${SRCROOT}/Pods/Target Support Files/Pods-DataMigration/Pods-DataMigration-frameworks.sh\"\n";
			showEnvVarsInLog = 0;
		};
		581F26315B6E92392C702B71 /* [CP] Copy Pods Resources */ = {
			isa = PBXShellScriptBuildPhase;
			buildActionMask = 2147483647;
			files = (
			);
			inputPaths = (
			);
			name = "[CP] Copy Pods Resources";
			outputPaths = (
			);
			runOnlyForDeploymentPostprocessing = 0;
			shellPath = /bin/sh;
			shellScript = "\"${SRCROOT}/Pods/Target Support Files/Pods-DataMigration/Pods-DataMigration-resources.sh\"\n";
			showEnvVarsInLog = 0;
		};
		DD0382054778A3E0BE6DB9E8 /* [CP] Check Pods Manifest.lock */ = {
			isa = PBXShellScriptBuildPhase;
			buildActionMask = 2147483647;
			files = (
			);
			inputPaths = (
			);
			name = "[CP] Check Pods Manifest.lock";
			outputPaths = (
			);
			runOnlyForDeploymentPostprocessing = 0;
			shellPath = /bin/sh;
			shellScript = "diff \"${PODS_ROOT}/../Podfile.lock\" \"${PODS_ROOT}/Manifest.lock\" > /dev/null\nif [ $? != 0 ] ; then\n    # print error to STDERR\n    echo \"error: The sandbox is not in sync with the Podfile.lock. Run 'pod install' or update your CocoaPods installation.\" >&2\n    exit 1\nfi\n";
			showEnvVarsInLog = 0;
		};
/* End PBXShellScriptBuildPhase section */

/* Begin PBXSourcesBuildPhase section */
		1F3D52541E8A62A50074BD68 /* Sources */ = {
			isa = PBXSourcesBuildPhase;
			buildActionMask = 2147483647;
			files = (
				1F3D52801E8A85330074BD68 /* YuLeModel.m in Sources */,
				1F3D527A1E8A81620074BD68 /* SecondViewController.m in Sources */,
				1F3D52741E8A62F00074BD68 /* DataBaseTool.m in Sources */,
				1F3D52631E8A62A50074BD68 /* ViewController.m in Sources */,
				1F3D52771E8A685D0074BD68 /* HandleSqliteTable.m in Sources */,
				1F3D527D1E8A84E90074BD68 /* CeShiModel.m in Sources */,
				1F3D52601E8A62A50074BD68 /* AppDelegate.m in Sources */,
				1F3D525D1E8A62A50074BD68 /* main.m in Sources */,
				1F3D52831E8A87CF0074BD68 /* DataAutoTool.m in Sources */,
			);
			runOnlyForDeploymentPostprocessing = 0;
		};
/* End PBXSourcesBuildPhase section */

/* Begin PBXVariantGroup section */
		1F3D52641E8A62A50074BD68 /* Main.storyboard */ = {
			isa = PBXVariantGroup;
			children = (
				1F3D52651E8A62A50074BD68 /* Base */,
			);
			name = Main.storyboard;
			sourceTree = "<group>";
		};
		1F3D52691E8A62A50074BD68 /* LaunchScreen.storyboard */ = {
			isa = PBXVariantGroup;
			children = (
				1F3D526A1E8A62A50074BD68 /* Base */,
			);
			name = LaunchScreen.storyboard;
			sourceTree = "<group>";
		};
/* End PBXVariantGroup section */

/* Begin XCBuildConfiguration section */
		1F3D526D1E8A62A50074BD68 /* Debug */ = {
			isa = XCBuildConfiguration;
			buildSettings = {
				ALWAYS_SEARCH_USER_PATHS = NO;
				CLANG_ANALYZER_NONNULL = YES;
				CLANG_CXX_LANGUAGE_STANDARD = "gnu++0x";
				CLANG_CXX_LIBRARY = "libc++";
				CLANG_ENABLE_MODULES = YES;
				CLANG_ENABLE_OBJC_ARC = YES;
				CLANG_WARN_BOOL_CONVERSION = YES;
				CLANG_WARN_CONSTANT_CONVERSION = YES;
				CLANG_WARN_DIRECT_OBJC_ISA_USAGE = YES_ERROR;
				CLANG_WARN_DOCUMENTATION_COMMENTS = YES;
				CLANG_WARN_EMPTY_BODY = YES;
				CLANG_WARN_ENUM_CONVERSION = YES;
				CLANG_WARN_INFINITE_RECURSION = YES;
				CLANG_WARN_INT_CONVERSION = YES;
				CLANG_WARN_OBJC_ROOT_CLASS = YES_ERROR;
				CLANG_WARN_SUSPICIOUS_MOVE = YES;
				CLANG_WARN_UNREACHABLE_CODE = YES;
				CLANG_WARN__DUPLICATE_METHOD_MATCH = YES;
				"CODE_SIGN_IDENTITY[sdk=iphoneos*]" = "iPhone Developer";
				COPY_PHASE_STRIP = NO;
				DEBUG_INFORMATION_FORMAT = dwarf;
				ENABLE_STRICT_OBJC_MSGSEND = YES;
				ENABLE_TESTABILITY = YES;
				GCC_C_LANGUAGE_STANDARD = gnu99;
				GCC_DYNAMIC_NO_PIC = NO;
				GCC_NO_COMMON_BLOCKS = YES;
				GCC_OPTIMIZATION_LEVEL = 0;
				GCC_PREPROCESSOR_DEFINITIONS = (
					"DEBUG=1",
					"$(inherited)",
				);
				GCC_WARN_64_TO_32_BIT_CONVERSION = YES;
				GCC_WARN_ABOUT_RETURN_TYPE = YES_ERROR;
				GCC_WARN_UNDECLARED_SELECTOR = YES;
				GCC_WARN_UNINITIALIZED_AUTOS = YES_AGGRESSIVE;
				GCC_WARN_UNUSED_FUNCTION = YES;
				GCC_WARN_UNUSED_VARIABLE = YES;
				IPHONEOS_DEPLOYMENT_TARGET = 10.2;
				MTL_ENABLE_DEBUG_INFO = YES;
				ONLY_ACTIVE_ARCH = YES;
				SDKROOT = iphoneos;
			};
			name = Debug;
		};
		1F3D526E1E8A62A50074BD68 /* Release */ = {
			isa = XCBuildConfiguration;
			buildSettings = {
				ALWAYS_SEARCH_USER_PATHS = NO;
				CLANG_ANALYZER_NONNULL = YES;
				CLANG_CXX_LANGUAGE_STANDARD = "gnu++0x";
				CLANG_CXX_LIBRARY = "libc++";
				CLANG_ENABLE_MODULES = YES;
				CLANG_ENABLE_OBJC_ARC = YES;
				CLANG_WARN_BOOL_CONVERSION = YES;
				CLANG_WARN_CONSTANT_CONVERSION = YES;
				CLANG_WARN_DIRECT_OBJC_ISA_USAGE = YES_ERROR;
				CLANG_WARN_DOCUMENTATION_COMMENTS = YES;
				CLANG_WARN_EMPTY_BODY = YES;
				CLANG_WARN_ENUM_CONVERSION = YES;
				CLANG_WARN_INFINITE_RECURSION = YES;
				CLANG_WARN_INT_CONVERSION = YES;
				CLANG_WARN_OBJC_ROOT_CLASS = YES_ERROR;
				CLANG_WARN_SUSPICIOUS_MOVE = YES;
				CLANG_WARN_UNREACHABLE_CODE = YES;
				CLANG_WARN__DUPLICATE_METHOD_MATCH = YES;
				"CODE_SIGN_IDENTITY[sdk=iphoneos*]" = "iPhone Developer";
				COPY_PHASE_STRIP = NO;
				DEBUG_INFORMATION_FORMAT = "dwarf-with-dsym";
				ENABLE_NS_ASSERTIONS = NO;
				ENABLE_STRICT_OBJC_MSGSEND = YES;
				GCC_C_LANGUAGE_STANDARD = gnu99;
				GCC_NO_COMMON_BLOCKS = YES;
				GCC_WARN_64_TO_32_BIT_CONVERSION = YES;
				GCC_WARN_ABOUT_RETURN_TYPE = YES_ERROR;
				GCC_WARN_UNDECLARED_SELECTOR = YES;
				GCC_WARN_UNINITIALIZED_AUTOS = YES_AGGRESSIVE;
				GCC_WARN_UNUSED_FUNCTION = YES;
				GCC_WARN_UNUSED_VARIABLE = YES;
				IPHONEOS_DEPLOYMENT_TARGET = 10.2;
				MTL_ENABLE_DEBUG_INFO = NO;
				SDKROOT = iphoneos;
				VALIDATE_PRODUCT = YES;
			};
			name = Release;
		};
		1F3D52701E8A62A50074BD68 /* Debug */ = {
			isa = XCBuildConfiguration;
			baseConfigurationReference = 34104B134422A4DF66C5EBA6 /* Pods-DataMigration.debug.xcconfig */;
			buildSettings = {
				ASSETCATALOG_COMPILER_APPICON_NAME = AppIcon;
				DEVELOPMENT_TEAM = BQ9TFQKXJU;
				INFOPLIST_FILE = DataMigration/Info.plist;
				LD_RUNPATH_SEARCH_PATHS = "$(inherited) @executable_path/Frameworks";
				PRODUCT_BUNDLE_IDENTIFIER = com.zssy.AM.DataMigration;
				PRODUCT_NAME = "$(TARGET_NAME)";
			};
			name = Debug;
		};
		1F3D52711E8A62A50074BD68 /* Release */ = {
			isa = XCBuildConfiguration;
			baseConfigurationReference = 3739ADFEE8B32CE1A4B3D73C /* Pods-DataMigration.release.xcconfig */;
			buildSettings = {
				ASSETCATALOG_COMPILER_APPICON_NAME = AppIcon;
				DEVELOPMENT_TEAM = BQ9TFQKXJU;
				INFOPLIST_FILE = DataMigration/Info.plist;
				LD_RUNPATH_SEARCH_PATHS = "$(inherited) @executable_path/Frameworks";
				PRODUCT_BUNDLE_IDENTIFIER = com.zssy.AM.DataMigration;
				PRODUCT_NAME = "$(TARGET_NAME)";
			};
			name = Release;
		};
/* End XCBuildConfiguration section */

/* Begin XCConfigurationList section */
		1F3D52531E8A62A50074BD68 /* Build configuration list for PBXProject "DataMigration" */ = {
			isa = XCConfigurationList;
			buildConfigurations = (
				1F3D526D1E8A62A50074BD68 /* Debug */,
				1F3D526E1E8A62A50074BD68 /* Release */,
			);
			defaultConfigurationIsVisible = 0;
			defaultConfigurationName = Release;
		};
		1F3D526F1E8A62A50074BD68 /* Build configuration list for PBXNativeTarget "DataMigration" */ = {
			isa = XCConfigurationList;
			buildConfigurations = (
				1F3D52701E8A62A50074BD68 /* Debug */,
				1F3D52711E8A62A50074BD68 /* Release */,
			);
			defaultConfigurationIsVisible = 0;
			defaultConfigurationName = Release;
		};
/* End XCConfigurationList section */
	};
	rootObject = 1F3D52501E8A62A50074BD68 /* Project object */;
}
